
Microsoft Visual Studio Solution File, Format Version 12.00
# Visual Studio Version 17
VisualStudioVersion = 17.3.32825.248
MinimumVisualStudioVersion = 10.0.40219.1
Project("{FAE04EC0-301F-11D3-BF4B-00C04F79EFBC}") = "VlibraryServer", "VlibraryServer\VlibraryServer.csproj", "{E85A88DF-25FF-4810-88E9-AD72997A7CD7}"
EndProject
Global
	GlobalSection(SolutionConfigurationPlatforms) = preSolution
		Debug|Any CPU = Debug|Any CPU
		Release|Any CPU = Release|Any CPU
	EndGlobalSection
	GlobalSection(ProjectConfigurationPlatforms) = postSolution
		{E85A88DF-25FF-4810-88E9-AD72997A7CD7}.Debug|Any CPU.ActiveCfg = Debug|Any CPU
		{E85A88DF-25FF-4810-88E9-AD72997A7CD7}.Debug|Any CPU.Build.0 = Debug|Any CPU
		{E85A88DF-25FF-4810-88E9-AD72997A7CD7}.Release|Any CPU.ActiveCfg = Release|Any CPU
		{E85A88DF-25FF-4810-88E9-AD72997A7CD7}.Release|Any CPU.Build.0 = Release|Any CPU
	EndGlobalSection
	GlobalSection(SolutionProperties) = preSolution
		HideSolutionNode = FALSE
	EndGlobalSection
	GlobalSection(ExtensibilityGlobals) = postSolution
		SolutionGuid = {D1E5DDED-B7E7-4FAF-983C-F650AAEE0C26}
	EndGlobalSection
EndGlobal
